
Microsoft Visual Studio Solution File, Format Version 12.00
# Visual Studio 2012
Project("{2150E333-8FDC-42A3-9474-1A3956D46DE8}") = ".nuget", ".nuget", "{7225F8F3-88C7-4281-BA0F-D0D6FDBAB73D}"
	ProjectSection(SolutionItems) = preProject
		.nuget\NuGet.Config = .nuget\NuGet.Config
		.nuget\NuGet.exe = .nuget\NuGet.exe
		.nuget\NuGet.targets = .nuget\NuGet.targets
	EndProjectSection
EndProject
Project("{FAE04EC0-301F-11D3-BF4B-00C04F79EFBC}") = "MyLib.NET", "MyLib.NET\MyLib.NET.csproj", "{EAAEC5F0-BD4B-405E-9815-F4B6DF89A6CF}"
EndProject
Project("{FAE04EC0-301F-11D3-BF4B-00C04F79EFBC}") = "MyLib.Net.Tests", "MyLib.Net.Tests\MyLib.Net.Tests.csproj", "{0AECF409-5A68-4810-8B83-EA1E9436A44B}"
EndProject
Global
	GlobalSection(SolutionConfigurationPlatforms) = preSolution
		Debug|Any CPU = Debug|Any CPU
		Release|Any CPU = Release|Any CPU
	EndGlobalSection
	GlobalSection(ProjectConfigurationPlatforms) = postSolution
		{EAAEC5F0-BD4B-405E-9815-F4B6DF89A6CF}.Debug|Any CPU.ActiveCfg = Debug|Any CPU
		{EAAEC5F0-BD4B-405E-9815-F4B6DF89A6CF}.Debug|Any CPU.Build.0 = Debug|Any CPU
		{EAAEC5F0-BD4B-405E-9815-F4B6DF89A6CF}.Release|Any CPU.ActiveCfg = Release|Any CPU
		{EAAEC5F0-BD4B-405E-9815-F4B6DF89A6CF}.Release|Any CPU.Build.0 = Release|Any CPU
		{0AECF409-5A68-4810-8B83-EA1E9436A44B}.Debug|Any CPU.ActiveCfg = Debug|Any CPU
		{0AECF409-5A68-4810-8B83-EA1E9436A44B}.Debug|Any CPU.Build.0 = Debug|Any CPU
		{0AECF409-5A68-4810-8B83-EA1E9436A44B}.Release|Any CPU.ActiveCfg = Release|Any CPU
		{0AECF409-5A68-4810-8B83-EA1E9436A44B}.Release|Any CPU.Build.0 = Release|Any CPU
	EndGlobalSection
	GlobalSection(SolutionProperties) = preSolution
		HideSolutionNode = FALSE
	EndGlobalSection
EndGlobal
